// !$*UTF8*$!
{
	archiveVersion = 1;
	classes = {
	};
	objectVersion = 77;
	objects = {

/* Begin PBXContainerItemProxy section */
		041D9A642FEC79AF00850E35 /* PBXContainerItemProxy */ = {
			isa = PBXContainerItemProxy;
			containerPortal = 041D9A4C2FEC79AD00850E35 /* Project object */;
			proxyType = 1;
			remoteGlobalIDString = 041D9A532FEC79AD00850E35;
			remoteInfo = ToDo.UDF.MVVM;
		};
		041D9A6E2FEC79AF00850E35 /* PBXContainerItemProxy */ = {
			isa = PBXContainerItemProxy;
			containerPortal = 041D9A4C2FEC79AD00850E35 /* Project object */;
			proxyType = 1;
			remoteGlobalIDString = 041D9A532FEC79AD00850E35;
			remoteInfo = ToDo.UDF.MVVM;
		};
/* End PBXContainerItemProxy section */

/* Begin PBXFileReference section */
		041D9A542FEC79AD00850E35 /* ToDo.UDF.MVVM.app */ = {isa = PBXFileReference; explicitFileType = wrapper.application; includeInIndex = 0; path = ToDo.UDF.MVVM.app; sourceTree = BUILT_PRODUCTS_DIR; };
		041D9A632FEC79AF00850E35 /* ToDo.UDF.MVVMTests.xctest */ = {isa = PBXFileReference; explicitFileType = wrapper.cfbundle; includeInIndex = 0; path = ToDo.UDF.MVVMTests.xctest; sourceTree = BUILT_PRODUCTS_DIR; };
		041D9A6D2FEC79AF00850E35 /* ToDo.UDF.MVVMUITests.xctest */ = {isa = PBXFileReference; explicitFileType = wrapper.cfbundle; includeInIndex = 0; path = ToDo.UDF.MVVMUITests.xctest; sourceTree = BUILT_PRODUCTS_DIR; };
/* End PBXFileReference section */

/* Begin PBXFileSystemSynchronizedRootGroup section */
		041D9A562FEC79AD00850E35 /* ToDo.UDF.MVVM */ = {
			isa = PBXFileSystemSynchronizedRootGroup;
			path = ToDo.UDF.MVVM;
			sourceTree = "<group>";
		};
		041D9A662FEC79AF00850E35 /* ToDo.UDF.MVVMTests */ = {
			isa = PBXFileSystemSynchronizedRootGroup;
			path = ToDo.UDF.MVVMTests;
			sourceTree = "<group>";
		};
		041D9A702FEC79AF00850E35 /* ToDo.UDF.MVVMUITests */ = {
			isa = PBXFileSystemSynchronizedRootGroup;
			path = ToDo.UDF.MVVMUITests;
			sourceTree = "<group>";
		};
/* End PBXFileSystemSynchronizedRootGroup section */

/* Begin PBXFrameworksBuildPhase section */
		041D9A512FEC79AD00850E35 /* Frameworks */ = {
			isa = PBXFrameworksBuildPhase;
			buildActionMask = 2147483647;
			files = (
			);
			runOnlyForDeploymentPostprocessing = 0;
		};
		041D9A602FEC79AF00850E35 /* Frameworks */ = {
			isa = PBXFrameworksBuildPhase;
			buildActionMask = 2147483647;
			files = (
			);
			runOnlyForDeploymentPostprocessing = 0;
		};
		041D9A6A2FEC79AF00850E35 /* Frameworks */ = {
			isa = PBXFrameworksBuildPhase;
			buildActionMask = 2147483647;
			files = (
			);
			runOnlyForDeploymentPostprocessing = 0;
		};
/* End PBXFrameworksBuildPhase section */

/* Begin PBXGroup section */
		041D9A4B2FEC79AD00850E35 = {
			isa = PBXGroup;
			children = (
				041D9A562FEC79AD00850E35 /* ToDo.UDF.MVVM */,
				041D9A662FEC79AF00850E35 /* ToDo.UDF.MVVMTests */,
				041D9A702FEC79AF00850E35 /* ToDo.UDF.MVVMUITests */,
				041D9A552FEC79AD00850E35 /* Products */,
			);
			sourceTree = "<group>";
		};
		041D9A552FEC79AD00850E35 /* Products */ = {
			isa = PBXGroup;
			children = (
				041D9A542FEC79AD00850E35 /* ToDo.UDF.MVVM.app */,
				041D9A632FEC79AF00850E35 /* ToDo.UDF.MVVMTests.xctest */,
				041D9A6D2FEC79AF00850E35 /* ToDo.UDF.MVVMUITests.xctest */,
			);
			name = Products;
			sourceTree = "<group>";
		};
/* End PBXGroup section */

/* Begin PBXNativeTarget section */
		041D9A532FEC79AD00850E35 /* ToDo.UDF.MVVM */ = {
			isa = PBXNativeTarget;
			buildConfigurationList = 041D9A772FEC79AF00850E35 /* Build configuration list for PBXNativeTarget "ToDo.UDF.MVVM" */;
			buildPhases = (
				041D9A502FEC79AD00850E35 /* Sources */,
				041D9A512FEC79AD00850E35 /* Frameworks */,
				041D9A522FEC79AD00850E35 /* Resources */,
			);
			buildRules = (
			);
			dependencies = (
			);
			fileSystemSynchronizedGroups = (
				041D9A562FEC79AD00850E35 /* ToDo.UDF.MVVM */,
			);
			name = ToDo.UDF.MVVM;
			packageProductDependencies = (
			);
			productName = ToDo.UDF.MVVM;
			productReference = 041D9A542FEC79AD00850E35 /* ToDo.UDF.MVVM.app */;
			productType = "com.apple.product-type.application";
		};
		041D9A622FEC79AF00850E35 /* ToDo.UDF.MVVMTests */ = {
			isa = PBXNativeTarget;
			buildConfigurationList = 041D9A7A2FEC79AF00850E35 /* Build configuration list for PBXNativeTarget "ToDo.UDF.MVVMTests" */;
			buildPhases = (
				041D9A5F2FEC79AF00850E35 /* Sources */,
				041D9A602FEC79AF00850E35 /* Frameworks */,
				041D9A612FEC79AF00850E35 /* Resources */,
			);
			buildRules = (
			);
			dependencies = (
				041D9A652FEC79AF00850E35 /* PBXTargetDependency */,
			);
			fileSystemSynchronizedGroups = (
				041D9A662FEC79AF00850E35 /* ToDo.UDF.MVVMTests */,
			);
			name = ToDo.UDF.MVVMTests;
			packageProductDependencies = (
			);
			productName = ToDo.UDF.MVVMTests;
			productReference = 041D9A632FEC79AF00850E35 /* ToDo.UDF.MVVMTests.xctest */;
			productType = "com.apple.product-type.bundle.unit-test";
		};
		041D9A6C2FEC79AF00850E35 /* ToDo.UDF.MVVMUITests */ = {
			isa = PBXNativeTarget;
			buildConfigurationList = 041D9A7D2FEC79AF00850E35 /* Build configuration list for PBXNativeTarget "ToDo.UDF.MVVMUITests" */;
			buildPhases = (
				041D9A692FEC79AF00850E35 /* Sources */,
				041D9A6A2FEC79AF00850E35 /* Frameworks */,
				041D9A6B2FEC79AF00850E35 /* Resources */,
			);
			buildRules = (
			);
			dependencies = (
				041D9A6F2FEC79AF00850E35 /* PBXTargetDependency */,
			);
			fileSystemSynchronizedGroups = (
				041D9A702FEC79AF00850E35 /* ToDo.UDF.MVVMUITests */,
			);
			name = ToDo.UDF.MVVMUITests;
			packageProductDependencies = (
			);
			productName = ToDo.UDF.MVVMUITests;
			productReference = 041D9A6D2FEC79AF00850E35 /* ToDo.UDF.MVVMUITests.xctest */;
			productType = "com.apple.product-type.bundle.ui-testing";
		};
/* End PBXNativeTarget section */

/* Begin PBXProject section */
		041D9A4C2FEC79AD00850E35 /* Project object */ = {
			isa = PBXProject;
			attributes = {
				BuildIndependentTargetsInParallel = 1;
				LastSwiftUpdateCheck = 2630;
				LastUpgradeCheck = 2630;
				TargetAttributes = {
					041D9A532FEC79AD00850E35 = {
						CreatedOnToolsVersion = 26.3;
					};
					041D9A622FEC79AF00850E35 = {
						CreatedOnToolsVersion = 26.3;
						TestTargetID = 041D9A532FEC79AD00850E35;
					};
					041D9A6C2FEC79AF00850E35 = {
						CreatedOnToolsVersion = 26.3;
						TestTargetID = 041D9A532FEC79AD00850E35;
					};
				};
			};
			buildConfigurationList = 041D9A4F2FEC79AD00850E35 /* Build configuration list for PBXProject "ToDo.UDF.MVVM" */;
			developmentRegion = en;
			hasScannedForEncodings = 0;
			knownRegions = (
				en,
				Base,
			);
			mainGroup = 041D9A4B2FEC79AD00850E35;
			minimizedProjectReferenceProxies = 1;
			preferredProjectObjectVersion = 77;
			productRefGroup = 041D9A552FEC79AD00850E35 /* Products */;
			projectDirPath = "";
			projectRoot = "";
			targets = (
				041D9A532FEC79AD00850E35 /* ToDo.UDF.MVVM */,
				041D9A622FEC79AF00850E35 /* ToDo.UDF.MVVMTests */,
				041D9A6C2FEC79AF00850E35 /* ToDo.UDF.MVVMUITests */,
			);
		};
/* End PBXProject section */

/* Begin PBXResourcesBuildPhase section */
		041D9A522FEC79AD00850E35 /* Resources */ = {
			isa = PBXResourcesBuildPhase;
			buildActionMask = 2147483647;
			files = (
			);
			runOnlyForDeploymentPostprocessing = 0;
		};
		041D9A612FEC79AF00850E35 /* Resources */ = {
			isa = PBXResourcesBuildPhase;
			buildActionMask = 2147483647;
			files = (
			);
			runOnlyForDeploymentPostprocessing = 0;
		};
		041D9A6B2FEC79AF00850E35 /* Resources */ = {
			isa = PBXResourcesBuildPhase;
			buildActionMask = 2147483647;
			files = (
			);
			runOnlyForDeploymentPostprocessing = 0;
		};
/* End PBXResourcesBuildPhase section */

/* Begin PBXSourcesBuildPhase section */
		041D9A502FEC79AD00850E35 /* Sources */ = {
			isa = PBXSourcesBuildPhase;
			buildActionMask = 2147483647;
			files = (
			);
			runOnlyForDeploymentPostprocessing = 0;
		};
		041D9A5F2FEC79AF00850E35 /* Sources */ = {
			isa = PBXSourcesBuildPhase;
			buildActionMask = 2147483647;
			files = (
			);
			runOnlyForDeploymentPostprocessing = 0;
		};
		041D9A692FEC79AF00850E35 /* Sources */ = {
			isa = PBXSourcesBuildPhase;
			buildActionMask = 2147483647;
			files = (
			);
			runOnlyForDeploymentPostprocessing = 0;
		};
/* End PBXSourcesBuildPhase section */

/* Begin PBXTargetDependency section */
		041D9A652FEC79AF00850E35 /* PBXTargetDependency */ = {
			isa = PBXTargetDependency;
			target = 041D9A532FEC79AD00850E35 /* ToDo.UDF.MVVM */;
			targetProxy = 041D9A642FEC79AF00850E35 /* PBXContainerItemProxy */;
		};
		041D9A6F2FEC79AF00850E35 /* PBXTargetDependency */ = {
			isa = PBXTargetDependency;
			target = 041D9A532FEC79AD00850E35 /* ToDo.UDF.MVVM */;
			targetProxy = 041D9A6E2FEC79AF00850E35 /* PBXContainerItemProxy */;
		};
/* End PBXTargetDependency section */

/* Begin XCBuildConfiguration section */
		041D9A752FEC79AF00850E35 /* Debug */ = {
			isa = XCBuildConfiguration;
			buildSettings = {
				ALWAYS_SEARCH_USER_PATHS = NO;
				ASSETCATALOG_COMPILER_GENERATE_SWIFT_ASSET_SYMBOL_EXTENSIONS = YES;
				CLANG_ANALYZER_NONNULL = YES;
				CLANG_ANALYZER_NUMBER_OBJECT_CONVERSION = YES_AGGRESSIVE;
				CLANG_CXX_LANGUAGE_STANDARD = "gnu++20";
				CLANG_ENABLE_MODULES = YES;
				CLANG_ENABLE_OBJC_ARC = YES;
				CLANG_ENABLE_OBJC_WEAK = YES;
				CLANG_WARN_BLOCK_CAPTURE_AUTORELEASING = YES;
				CLANG_WARN_BOOL_CONVERSION = YES;
				CLANG_WARN_COMMA = YES;
				CLANG_WARN_CONSTANT_CONVERSION = YES;
				CLANG_WARN_DEPRECATED_OBJC_IMPLEMENTATIONS = YES;
				CLANG_WARN_DIRECT_OBJC_ISA_USAGE = YES_ERROR;
				CLANG_WARN_DOCUMENTATION_COMMENTS = YES;
				CLANG_WARN_EMPTY_BODY = YES;
				CLANG_WARN_ENUM_CONVERSION = YES;
				CLANG_WARN_INFINITE_RECURSION = YES;
				CLANG_WARN_INT_CONVERSION = YES;
				CLANG_WARN_NON_LITERAL_NULL_CONVERSION = YES;
				CLANG_WARN_OBJC_IMPLICIT_RETAIN_SELF = YES;
				CLANG_WARN_OBJC_LITERAL_CONVERSION = YES;
				CLANG_WARN_OBJC_ROOT_CLASS = YES_ERROR;
				CLANG_WARN_QUOTED_INCLUDE_IN_FRAMEWORK_HEADER = YES;
				CLANG_WARN_RANGE_LOOP_ANALYSIS = YES;
				CLANG_WARN_STRICT_PROTOTYPES = YES;
				CLANG_WARN_SUSPICIOUS_MOVE = YES;
				CLANG_WARN_UNGUARDED_AVAILABILITY = YES_AGGRESSIVE;
				CLANG_WARN_UNREACHABLE_CODE = YES;
				CLANG_WARN__DUPLICATE_METHOD_MATCH = YES;
				COPY_PHASE_STRIP = NO;
				DEBUG_INFORMATION_FORMAT = dwarf;
				ENABLE_STRICT_OBJC_MSGSEND = YES;
				ENABLE_TESTABILITY = YES;
				ENABLE_USER_SCRIPT_SANDBOXING = YES;
				GCC_C_LANGUAGE_STANDARD = gnu17;
				GCC_DYNAMIC_NO_PIC = NO;
				GCC_NO_COMMON_BLOCKS = YES;
				GCC_OPTIMIZATION_LEVEL = 0;
				GCC_PREPROCESSOR_DEFINITIONS = (
					"DEBUG=1",
					"$(inherited)",
				);
				GCC_WARN_64_TO_32_BIT_CONVERSION = YES;
				GCC_WARN_ABOUT_RETURN_TYPE = YES_ERROR;
				GCC_WARN_UNDECLARED_SELECTOR = YES;
				GCC_WARN_UNINITIALIZED_AUTOS = YES_AGGRESSIVE;
				GCC_WARN_UNUSED_FUNCTION = YES;
				GCC_WARN_UNUSED_VARIABLE = YES;
				IPHONEOS_DEPLOYMENT_TARGET = 26.2;
				LOCALIZATION_PREFERS_STRING_CATALOGS = YES;
				MTL_ENABLE_DEBUG_INFO = INCLUDE_SOURCE;
				MTL_FAST_MATH = YES;
				ONLY_ACTIVE_ARCH = YES;
				SDKROOT = iphoneos;
				SWIFT_ACTIVE_COMPILATION_CONDITIONS = "DEBUG $(inherited)";
				SWIFT_OPTIMIZATION_LEVEL = "-Onone";
			};
			name = Debug;
		};
		041D9A762FEC79AF00850E35 /* Release */ = {
			isa = XCBuildConfiguration;
			buildSettings = {
				ALWAYS_SEARCH_USER_PATHS = NO;
				ASSETCATALOG_COMPILER_GENERATE_SWIFT_ASSET_SYMBOL_EXTENSIONS = YES;
				CLANG_ANALYZER_NONNULL = YES;
				CLANG_ANALYZER_NUMBER_OBJECT_CONVERSION = YES_AGGRESSIVE;
				CLANG_CXX_LANGUAGE_STANDARD = "gnu++20";
				CLANG_ENABLE_MODULES = YES;
				CLANG_ENABLE_OBJC_ARC = YES;
				CLANG_ENABLE_OBJC_WEAK = YES;
				CLANG_WARN_BLOCK_CAPTURE_AUTORELEASING = YES;
				CLANG_WARN_BOOL_CONVERSION = YES;
				CLANG_WARN_COMMA = YES;
				CLANG_WARN_CONSTANT_CONVERSION = YES;
				CLANG_WARN_DEPRECATED_OBJC_IMPLEMENTATIONS = YES;
				CLANG_WARN_DIRECT_OBJC_ISA_USAGE = YES_ERROR;
				CLANG_WARN_DOCUMENTATION_COMMENTS = YES;
				CLANG_WARN_EMPTY_BODY = YES;
				CLANG_WARN_ENUM_CONVERSION = YES;
				CLANG_WARN_INFINITE_RECURSION = YES;
				CLANG_WARN_INT_CONVERSION = YES;
				CLANG_WARN_NON_LITERAL_NULL_CONVERSION = YES;
				CLANG_WARN_OBJC_IMPLICIT_RETAIN_SELF = YES;
				CLANG_WARN_OBJC_LITERAL_CONVERSION = YES;
				CLANG_WARN_OBJC_ROOT_CLASS = YES_ERROR;
				CLANG_WARN_QUOTED_INCLUDE_IN_FRAMEWORK_HEADER = YES;
				CLANG_WARN_RANGE_LOOP_ANALYSIS = YES;
				CLANG_WARN_STRICT_PROTOTYPES = YES;
				CLANG_WARN_SUSPICIOUS_MOVE = YES;
				CLANG_WARN_UNGUARDED_AVAILABILITY = YES_AGGRESSIVE;
				CLANG_WARN_UNREACHABLE_CODE = YES;
				CLANG_WARN__DUPLICATE_METHOD_MATCH = YES;
				COPY_PHASE_STRIP = NO;
				DEBUG_INFORMATION_FORMAT = "dwarf-with-dsym";
				ENABLE_NS_ASSERTIONS = NO;
				ENABLE_STRICT_OBJC_MSGSEND = YES;
				ENABLE_USER_SCRIPT_SANDBOXING = YES;
				GCC_C_LANGUAGE_STANDARD = gnu17;
				GCC_NO_COMMON_BLOCKS = YES;
				GCC_WARN_64_TO_32_BIT_CONVERSION = YES;
				GCC_WARN_ABOUT_RETURN_TYPE = YES_ERROR;
				GCC_WARN_UNDECLARED_SELECTOR = YES;
				GCC_WARN_UNINITIALIZED_AUTOS = YES_AGGRESSIVE;
				GCC_WARN_UNUSED_FUNCTION = YES;
				GCC_WARN_UNUSED_VARIABLE = YES;
				IPHONEOS_DEPLOYMENT_TARGET = 26.2;
				LOCALIZATION_PREFERS_STRING_CATALOGS = YES;
				MTL_ENABLE_DEBUG_INFO = NO;
				MTL_FAST_MATH = YES;
				SDKROOT = iphoneos;
				SWIFT_COMPILATION_MODE = wholemodule;
				VALIDATE_PRODUCT = YES;
			};
			name = Release;
		};
		041D9A782FEC79AF00850E35 /* Debug */ = {
			isa = XCBuildConfiguration;
			buildSettings = {
				ASSETCATALOG_COMPILER_APPICON_NAME = AppIcon;
				ASSETCATALOG_COMPILER_GLOBAL_ACCENT_COLOR_NAME = AccentColor;
				CODE_SIGN_STYLE = Automatic;
				CURRENT_PROJECT_VERSION = 1;
				ENABLE_PREVIEWS = YES;
				GENERATE_INFOPLIST_FILE = YES;
				INFOPLIST_KEY_UIApplicationSceneManifest_Generation = YES;
				INFOPLIST_KEY_UIApplicationSupportsIndirectInputEvents = YES;
				INFOPLIST_KEY_UILaunchScreen_Generation = YES;
				INFOPLIST_KEY_UISupportedInterfaceOrientations_iPad = "UIInterfaceOrientationPortrait UIInterfaceOrientationPortraitUpsideDown UIInterfaceOrientationLandscapeLeft UIInterfaceOrientationLandscapeRight";
				INFOPLIST_KEY_UISupportedInterfaceOrientations_iPhone = "UIInterfaceOrientationPortrait UIInterfaceOrientationLandscapeLeft UIInterfaceOrientationLandscapeRight";
				LD_RUNPATH_SEARCH_PATHS = (
					"$(inherited)",
					"@executable_path/Frameworks",
				);
				MARKETING_VERSION = 1.0;
				PRODUCT_BUNDLE_IDENTIFIER = "com.yarmolchuk.ToDo-UDF-MVVM";
				PRODUCT_NAME = "$(TARGET_NAME)";
				STRING_CATALOG_GENERATE_SYMBOLS = YES;
				SWIFT_APPROACHABLE_CONCURRENCY = YES;
				SWIFT_DEFAULT_ACTOR_ISOLATION = MainActor;
				SWIFT_EMIT_LOC_STRINGS = YES;
				SWIFT_UPCOMING_FEATURE_MEMBER_IMPORT_VISIBILITY = YES;
				SWIFT_VERSION = 6.0;
				TARGETED_DEVICE_FAMILY = "1,2";
			};
			name = Debug;
		};
		041D9A792FEC79AF00850E35 /* Release */ = {
			isa = XCBuildConfiguration;
			buildSettings = {
				ASSETCATALOG_COMPILER_APPICON_NAME = AppIcon;
				ASSETCATALOG_COMPILER_GLOBAL_ACCENT_COLOR_NAME = AccentColor;
				CODE_SIGN_STYLE = Automatic;
				CURRENT_PROJECT_VERSION = 1;
				ENABLE_PREVIEWS = YES;
				GENERATE_INFOPLIST_FILE = YES;
				INFOPLIST_KEY_UIApplicationSceneManifest_Generation = YES;
				INFOPLIST_KEY_UIApplicationSupportsIndirectInputEvents = YES;
				INFOPLIST_KEY_UILaunchScreen_Generation = YES;
				INFOPLIST_KEY_UISupportedInterfaceOrientations_iPad = "UIInterfaceOrientationPortrait UIInterfaceOrientationPortraitUpsideDown UIInterfaceOrientationLandscapeLeft UIInterfaceOrientationLandscapeRight";
				INFOPLIST_KEY_UISupportedInterfaceOrientations_iPhone = "UIInterfaceOrientationPortrait UIInterfaceOrientationLandscapeLeft UIInterfaceOrientationLandscapeRight";
				LD_RUNPATH_SEARCH_PATHS = (
					"$(inherited)",
					"@executable_path/Frameworks",
				);
				MARKETING_VERSION = 1.0;
				PRODUCT_BUNDLE_IDENTIFIER = "com.yarmolchuk.ToDo-UDF-MVVM";
				PRODUCT_NAME = "$(TARGET_NAME)";
				STRING_CATALOG_GENERATE_SYMBOLS = YES;
				SWIFT_APPROACHABLE_CONCURRENCY = YES;
				SWIFT_DEFAULT_ACTOR_ISOLATION = MainActor;
				SWIFT_EMIT_LOC_STRINGS = YES;
				SWIFT_UPCOMING_FEATURE_MEMBER_IMPORT_VISIBILITY = YES;
				SWIFT_VERSION = 6.0;
				TARGETED_DEVICE_FAMILY = "1,2";
			};
			name = Release;
		};
		041D9A7B2FEC79AF00850E35 /* Debug */ = {
			isa = XCBuildConfiguration;
			buildSettings = {
				BUNDLE_LOADER = "$(TEST_HOST)";
				CODE_SIGN_STYLE = Automatic;
				CURRENT_PROJECT_VERSION = 1;
				GENERATE_INFOPLIST_FILE = YES;
				IPHONEOS_DEPLOYMENT_TARGET = 26.2;
				MARKETING_VERSION = 1.0;
				PRODUCT_BUNDLE_IDENTIFIER = "com.yarmolchuk.ToDo-UDF-MVVMTests";
				PRODUCT_NAME = "$(TARGET_NAME)";
				STRING_CATALOG_GENERATE_SYMBOLS = NO;
				SWIFT_APPROACHABLE_CONCURRENCY = YES;
				SWIFT_EMIT_LOC_STRINGS = NO;
				SWIFT_UPCOMING_FEATURE_MEMBER_IMPORT_VISIBILITY = YES;
				SWIFT_VERSION = 6.0;
				TARGETED_DEVICE_FAMILY = "1,2";
				TEST_HOST = "$(BUILT_PRODUCTS_DIR)/ToDo.UDF.MVVM.app/$(BUNDLE_EXECUTABLE_FOLDER_PATH)/ToDo.UDF.MVVM";
			};
			name = Debug;
		};
		041D9A7C2FEC79AF00850E35 /* Release */ = {
			isa = XCBuildConfiguration;
			buildSettings = {
				BUNDLE_LOADER = "$(TEST_HOST)";
				CODE_SIGN_STYLE = Automatic;
				CURRENT_PROJECT_VERSION = 1;
				GENERATE_INFOPLIST_FILE = YES;
				IPHONEOS_DEPLOYMENT_TARGET = 26.2;
				MARKETING_VERSION = 1.0;
				PRODUCT_BUNDLE_IDENTIFIER = "com.yarmolchuk.ToDo-UDF-MVVMTests";
				PRODUCT_NAME = "$(TARGET_NAME)";
				STRING_CATALOG_GENERATE_SYMBOLS = NO;
				SWIFT_APPROACHABLE_CONCURRENCY = YES;
				SWIFT_EMIT_LOC_STRINGS = NO;
				SWIFT_UPCOMING_FEATURE_MEMBER_IMPORT_VISIBILITY = YES;
				SWIFT_VERSION = 6.0;
				TARGETED_DEVICE_FAMILY = "1,2";
				TEST_HOST = "$(BUILT_PRODUCTS_DIR)/ToDo.UDF.MVVM.app/$(BUNDLE_EXECUTABLE_FOLDER_PATH)/ToDo.UDF.MVVM";
			};
			name = Release;
		};
		041D9A7E2FEC79AF00850E35 /* Debug */ = {
			isa = XCBuildConfiguration;
			buildSettings = {
				CODE_SIGN_STYLE = Automatic;
				CURRENT_PROJECT_VERSION = 1;
				GENERATE_INFOPLIST_FILE = YES;
				MARKETING_VERSION = 1.0;
				PRODUCT_BUNDLE_IDENTIFIER = "com.yarmolchuk.ToDo-UDF-MVVMUITests";
				PRODUCT_NAME = "$(TARGET_NAME)";
				STRING_CATALOG_GENERATE_SYMBOLS = NO;
				SWIFT_APPROACHABLE_CONCURRENCY = YES;
				SWIFT_EMIT_LOC_STRINGS = NO;
				SWIFT_UPCOMING_FEATURE_MEMBER_IMPORT_VISIBILITY = YES;
				SWIFT_VERSION = 6.0;
				TARGETED_DEVICE_FAMILY = "1,2";
				TEST_TARGET_NAME = ToDo.UDF.MVVM;
			};
			name = Debug;
		};
		041D9A7F2FEC79AF00850E35 /* Release */ = {
			isa = XCBuildConfiguration;
			buildSettings = {
				CODE_SIGN_STYLE = Automatic;
				CURRENT_PROJECT_VERSION = 1;
				GENERATE_INFOPLIST_FILE = YES;
				MARKETING_VERSION = 1.0;
				PRODUCT_BUNDLE_IDENTIFIER = "com.yarmolchuk.ToDo-UDF-MVVMUITests";
				PRODUCT_NAME = "$(TARGET_NAME)";
				STRING_CATALOG_GENERATE_SYMBOLS = NO;
				SWIFT_APPROACHABLE_CONCURRENCY = YES;
				SWIFT_EMIT_LOC_STRINGS = NO;
				SWIFT_UPCOMING_FEATURE_MEMBER_IMPORT_VISIBILITY = YES;
				SWIFT_VERSION = 6.0;
				TARGETED_DEVICE_FAMILY = "1,2";
				TEST_TARGET_NAME = ToDo.UDF.MVVM;
			};
			name = Release;
		};
/* End XCBuildConfiguration section */

/* Begin XCConfigurationList section */
		041D9A4F2FEC79AD00850E35 /* Build configuration list for PBXProject "ToDo.UDF.MVVM" */ = {
			isa = XCConfigurationList;
			buildConfigurations = (
				041D9A752FEC79AF00850E35 /* Debug */,
				041D9A762FEC79AF00850E35 /* Release */,
			);
			defaultConfigurationIsVisible = 0;
			defaultConfigurationName = Release;
		};
		041D9A772FEC79AF00850E35 /* Build configuration list for PBXNativeTarget "ToDo.UDF.MVVM" */ = {
			isa = XCConfigurationList;
			buildConfigurations = (
				041D9A782FEC79AF00850E35 /* Debug */,
				041D9A792FEC79AF00850E35 /* Release */,
			);
			defaultConfigurationIsVisible = 0;
			defaultConfigurationName = Release;
		};
		041D9A7A2FEC79AF00850E35 /* Build configuration list for PBXNativeTarget "ToDo.UDF.MVVMTests" */ = {
			isa = XCConfigurationList;
			buildConfigurations = (
				041D9A7B2FEC79AF00850E35 /* Debug */,
				041D9A7C2FEC79AF00850E35 /* Release */,
			);
			defaultConfigurationIsVisible = 0;
			defaultConfigurationName = Release;
		};
		041D9A7D2FEC79AF00850E35 /* Build configuration list for PBXNativeTarget "ToDo.UDF.MVVMUITests" */ = {
			isa = XCConfigurationList;
			buildConfigurations = (
				041D9A7E2FEC79AF00850E35 /* Debug */,
				041D9A7F2FEC79AF00850E35 /* Release */,
			);
			defaultConfigurationIsVisible = 0;
			defaultConfigurationName = Release;
		};
/* End XCConfigurationList section */
	};
	rootObject = 041D9A4C2FEC79AD00850E35 /* Project object */;
}
